// !$*UTF8*$!
{
	archiveVersion = 1;
	classes = {
	};
	objectVersion = 77;
	objects = {

/* Begin PBXBuildFile section */
		8D3E4BC82DB50CA700F9E4A2 /* RoutePoint.xcdatamodeld in Sources */ = {isa = PBXBuildFile; fileRef = 8D3E4BC62DB50CA700F9E4A2 /* RoutePoint.xcdatamodeld */; };
		8D3E4BCA2DB50DB700F9E4A2 /* CoreDataManager.swift in Sources */ = {isa = PBXBuildFile; fileRef = 8D3E4BC92DB50DB700F9E4A2 /* CoreDataManager.swift */; };
		8D3E4BCC2DB513F000F9E4A2 /* NotificationManager.swift in Sources */ = {isa = PBXBuildFile; fileRef = 8D3E4BCB2DB513F000F9E4A2 /* NotificationManager.swift */; };
		8D5CC7362DB41FCD006553B2 /* DataManager.swift in Sources */ = {isa = PBXBuildFile; fileRef = 8D5CC7332DB41FCD006553B2 /* DataManager.swift */; };
		8D5CC7372DB41FCD006553B2 /* StoreDataManager.swift in Sources */ = {isa = PBXBuildFile; fileRef = 8D5CC7342DB41FCD006553B2 /* StoreDataManager.swift */; };
		8D5CC73C2DB426B8006553B2 /* AlertManager.swift in Sources */ = {isa = PBXBuildFile; fileRef = 8D5CC73B2DB426B8006553B2 /* AlertManager.swift */; };
		8D5CC73E2DB4280C006553B2 /* Extensions.swift in Sources */ = {isa = PBXBuildFile; fileRef = 8D5CC73D2DB4280C006553B2 /* Extensions.swift */; };
		8D5CC7412DB432C6006553B2 /* LoadingManager.swift in Sources */ = {isa = PBXBuildFile; fileRef = 8D5CC7402DB432C6006553B2 /* LoadingManager.swift */; };
		8D5CC74D2DB44002006553B2 /* Localizable.xcstrings in Resources */ = {isa = PBXBuildFile; fileRef = 8D5CC74C2DB44002006553B2 /* Localizable.xcstrings */; };
		8D5CC74F2DB440C8006553B2 /* LocalizationKeys.swift in Sources */ = {isa = PBXBuildFile; fileRef = 8D5CC74E2DB440C8006553B2 /* LocalizationKeys.swift */; };
		8D9241FE2DB3BF910005A4CB /* AppDelegate.swift in Sources */ = {isa = PBXBuildFile; fileRef = 8D9241F42DB3BF910005A4CB /* AppDelegate.swift */; };
		8D9241FF2DB3BF910005A4CB /* SceneDelegate.swift in Sources */ = {isa = PBXBuildFile; fileRef = 8D9241FB2DB3BF910005A4CB /* SceneDelegate.swift */; };
		8D9242002DB3BF910005A4CB /* MainViewController.swift in Sources */ = {isa = PBXBuildFile; fileRef = 8D9241FC2DB3BF910005A4CB /* MainViewController.swift */; };
		8D9242012DB3BF910005A4CB /* Assets.xcassets in Resources */ = {isa = PBXBuildFile; fileRef = 8D9241F52DB3BF910005A4CB /* Assets.xcassets */; };
		8D9242032DB3BF910005A4CB /* LaunchScreen.storyboard in Resources */ = {isa = PBXBuildFile; fileRef = 8D9241F82DB3BF910005A4CB /* LaunchScreen.storyboard */; };
		8D9242042DB3BF910005A4CB /* Main.storyboard in Resources */ = {isa = PBXBuildFile; fileRef = 8D9241FA2DB3BF910005A4CB /* Main.storyboard */; };
		8D9242062DB3BFCC0005A4CB /* AppCoordinator.swift in Sources */ = {isa = PBXBuildFile; fileRef = 8D9242052DB3BFCC0005A4CB /* AppCoordinator.swift */; };
		8D9242082DB3BFF70005A4CB /* AppDependencyContainer.swift in Sources */ = {isa = PBXBuildFile; fileRef = 8D9242072DB3BFF70005A4CB /* AppDependencyContainer.swift */; };
		8D92420A2DB3C0260005A4CB /* LocationManager.swift in Sources */ = {isa = PBXBuildFile; fileRef = 8D9242092DB3C0260005A4CB /* LocationManager.swift */; };
		8D92420C2DB3C0530005A4CB /* MainCoordinator.swift in Sources */ = {isa = PBXBuildFile; fileRef = 8D92420B2DB3C0530005A4CB /* MainCoordinator.swift */; };
		8D92420E2DB3C10B0005A4CB /* SplashViewController.swift in Sources */ = {isa = PBXBuildFile; fileRef = 8D92420D2DB3C10B0005A4CB /* SplashViewController.swift */; };
		8D9242102DB3C1130005A4CB /* Splash.storyboard in Resources */ = {isa = PBXBuildFile; fileRef = 8D92420F2DB3C1130005A4CB /* Splash.storyboard */; };
		8D9242122DB3C1240005A4CB /* SplashCoordinator.swift in Sources */ = {isa = PBXBuildFile; fileRef = 8D9242112DB3C1240005A4CB /* SplashCoordinator.swift */; };
		8D9242152DB3C4270005A4CB /* MainViewModel.swift in Sources */ = {isa = PBXBuildFile; fileRef = 8D9242142DB3C4260005A4CB /* MainViewModel.swift */; };
		8D9242192DB3DD9E0005A4CB /* RoutePoint.swift in Sources */ = {isa = PBXBuildFile; fileRef = 8D9242172DB3DD9E0005A4CB /* RoutePoint.swift */; };
		8D92421A2DB3DD9E0005A4CB /* RouteAnnotation.swift in Sources */ = {isa = PBXBuildFile; fileRef = 8D9242162DB3DD9E0005A4CB /* RouteAnnotation.swift */; };
/* End PBXBuildFile section */

/* Begin PBXFileReference section */
		8D3E4BC72DB50CA700F9E4A2 /* RoutePoint.xcdatamodel */ = {isa = PBXFileReference; lastKnownFileType = wrapper.xcdatamodel; path = RoutePoint.xcdatamodel; sourceTree = "<group>"; };
		8D3E4BC92DB50DB700F9E4A2 /* CoreDataManager.swift */ = {isa = PBXFileReference; lastKnownFileType = sourcecode.swift; path = CoreDataManager.swift; sourceTree = "<group>"; };
		8D3E4BCB2DB513F000F9E4A2 /* NotificationManager.swift */ = {isa = PBXFileReference; lastKnownFileType = sourcecode.swift; path = NotificationManager.swift; sourceTree = "<group>"; };
		8D5CC7332DB41FCD006553B2 /* DataManager.swift */ = {isa = PBXFileReference; lastKnownFileType = sourcecode.swift; path = DataManager.swift; sourceTree = "<group>"; };
		8D5CC7342DB41FCD006553B2 /* StoreDataManager.swift */ = {isa = PBXFileReference; lastKnownFileType = sourcecode.swift; path = StoreDataManager.swift; sourceTree = "<group>"; };
		8D5CC73B2DB426B8006553B2 /* AlertManager.swift */ = {isa = PBXFileReference; lastKnownFileType = sourcecode.swift; path = AlertManager.swift; sourceTree = "<group>"; };
		8D5CC73D2DB4280C006553B2 /* Extensions.swift */ = {isa = PBXFileReference; lastKnownFileType = sourcecode.swift; path = Extensions.swift; sourceTree = "<group>"; };
		8D5CC7402DB432C6006553B2 /* LoadingManager.swift */ = {isa = PBXFileReference; lastKnownFileType = sourcecode.swift; path = LoadingManager.swift; sourceTree = "<group>"; };
		8D5CC74C2DB44002006553B2 /* Localizable.xcstrings */ = {isa = PBXFileReference; lastKnownFileType = text.json.xcstrings; path = Localizable.xcstrings; sourceTree = "<group>"; };
		8D5CC74E2DB440C8006553B2 /* LocalizationKeys.swift */ = {isa = PBXFileReference; lastKnownFileType = sourcecode.swift; path = LocalizationKeys.swift; sourceTree = "<group>"; };
		8D9241F42DB3BF910005A4CB /* AppDelegate.swift */ = {isa = PBXFileReference; lastKnownFileType = sourcecode.swift; path = AppDelegate.swift; sourceTree = "<group>"; };
		8D9241F52DB3BF910005A4CB /* Assets.xcassets */ = {isa = PBXFileReference; lastKnownFileType = folder.assetcatalog; path = Assets.xcassets; sourceTree = "<group>"; };
		8D9241F62DB3BF910005A4CB /* Info.plist */ = {isa = PBXFileReference; lastKnownFileType = text.plist.xml; path = Info.plist; sourceTree = "<group>"; };
		8D9241F72DB3BF910005A4CB /* Base */ = {isa = PBXFileReference; lastKnownFileType = file.storyboard; name = Base; path = Base.lproj/LaunchScreen.storyboard; sourceTree = "<group>"; };
		8D9241F92DB3BF910005A4CB /* Base */ = {isa = PBXFileReference; lastKnownFileType = file.storyboard; name = Base; path = Base.lproj/Main.storyboard; sourceTree = "<group>"; };
		8D9241FB2DB3BF910005A4CB /* SceneDelegate.swift */ = {isa = PBXFileReference; lastKnownFileType = sourcecode.swift; path = SceneDelegate.swift; sourceTree = "<group>"; };
		8D9241FC2DB3BF910005A4CB /* MainViewController.swift */ = {isa = PBXFileReference; lastKnownFileType = sourcecode.swift; path = MainViewController.swift; sourceTree = "<group>"; };
		8D9242052DB3BFCC0005A4CB /* AppCoordinator.swift */ = {isa = PBXFileReference; lastKnownFileType = sourcecode.swift; path = AppCoordinator.swift; sourceTree = "<group>"; };
		8D9242072DB3BFF70005A4CB /* AppDependencyContainer.swift */ = {isa = PBXFileReference; lastKnownFileType = sourcecode.swift; path = AppDependencyContainer.swift; sourceTree = "<group>"; };
		8D9242092DB3C0260005A4CB /* LocationManager.swift */ = {isa = PBXFileReference; lastKnownFileType = sourcecode.swift; path = LocationManager.swift; sourceTree = "<group>"; };
		8D92420B2DB3C0530005A4CB /* MainCoordinator.swift */ = {isa = PBXFileReference; lastKnownFileType = sourcecode.swift; path = MainCoordinator.swift; sourceTree = "<group>"; };
		8D92420D2DB3C10B0005A4CB /* SplashViewController.swift */ = {isa = PBXFileReference; lastKnownFileType = sourcecode.swift; path = SplashViewController.swift; sourceTree = "<group>"; };
		8D92420F2DB3C1130005A4CB /* Splash.storyboard */ = {isa = PBXFileReference; lastKnownFileType = file.storyboard; path = Splash.storyboard; sourceTree = "<group>"; };
		8D9242112DB3C1240005A4CB /* SplashCoordinator.swift */ = {isa = PBXFileReference; lastKnownFileType = sourcecode.swift; path = SplashCoordinator.swift; sourceTree = "<group>"; };
		8D9242142DB3C4260005A4CB /* MainViewModel.swift */ = {isa = PBXFileReference; lastKnownFileType = sourcecode.swift; path = MainViewModel.swift; sourceTree = "<group>"; };
		8D9242162DB3DD9E0005A4CB /* RouteAnnotation.swift */ = {isa = PBXFileReference; lastKnownFileType = sourcecode.swift; path = RouteAnnotation.swift; sourceTree = "<group>"; };
		8D9242172DB3DD9E0005A4CB /* RoutePoint.swift */ = {isa = PBXFileReference; lastKnownFileType = sourcecode.swift; path = RoutePoint.swift; sourceTree = "<group>"; };
		8D92421B2DB3DEEC0005A4CB /* AppleHighwayDrive.gpx */ = {isa = PBXFileReference; lastKnownFileType = text.xml; name = AppleHighwayDrive.gpx; path = "Location Based Case/AppleHighwayDrive.gpx"; sourceTree = "<group>"; };
		8DDB79652DB2753200408B2B /* Location Based Case.app */ = {isa = PBXFileReference; explicitFileType = wrapper.application; includeInIndex = 0; path = "Location Based Case.app"; sourceTree = BUILT_PRODUCTS_DIR; };
/* End PBXFileReference section */

/* Begin PBXFrameworksBuildPhase section */
		8DDB79622DB2753200408B2B /* Frameworks */ = {
			isa = PBXFrameworksBuildPhase;
			buildActionMask = 2147483647;
			files = (
			);
			runOnlyForDeploymentPostprocessing = 0;
		};
/* End PBXFrameworksBuildPhase section */

/* Begin PBXGroup section */
		8D5CC7352DB41FCD006553B2 /* Managers */ = {
			isa = PBXGroup;
			children = (
				8D9242092DB3C0260005A4CB /* LocationManager.swift */,
				8D5CC7332DB41FCD006553B2 /* DataManager.swift */,
				8D3E4BCB2DB513F000F9E4A2 /* NotificationManager.swift */,
				8D5CC7342DB41FCD006553B2 /* StoreDataManager.swift */,
				8D3E4BC92DB50DB700F9E4A2 /* CoreDataManager.swift */,
				8D5CC7402DB432C6006553B2 /* LoadingManager.swift */,
				8D5CC73B2DB426B8006553B2 /* AlertManager.swift */,
			);
			path = Managers;
			sourceTree = "<group>";
		};
		8D5CC7382DB42298006553B2 /* Dependency */ = {
			isa = PBXGroup;
			children = (
				8D9242052DB3BFCC0005A4CB /* AppCoordinator.swift */,
				8D9242072DB3BFF70005A4CB /* AppDependencyContainer.swift */,
			);
			path = Dependency;
			sourceTree = "<group>";
		};
		8D5CC73F2DB42825006553B2 /* Utils */ = {
			isa = PBXGroup;
			children = (
				8D5CC74E2DB440C8006553B2 /* LocalizationKeys.swift */,
				8D5CC73D2DB4280C006553B2 /* Extensions.swift */,
			);
			path = Utils;
			sourceTree = "<group>";
		};
		8D9241F32DB3BF910005A4CB /* Main */ = {
			isa = PBXGroup;
			children = (
				8D9241FA2DB3BF910005A4CB /* Main.storyboard */,
				8D9241FC2DB3BF910005A4CB /* MainViewController.swift */,
				8D92420B2DB3C0530005A4CB /* MainCoordinator.swift */,
				8D9242142DB3C4260005A4CB /* MainViewModel.swift */,
			);
			path = Main;
			sourceTree = "<group>";
		};
		8D9241FD2DB3BF910005A4CB /* Location Based Case */ = {
			isa = PBXGroup;
			children = (
				8D5CC7382DB42298006553B2 /* Dependency */,
				8D5CC7352DB41FCD006553B2 /* Managers */,
				8D9242182DB3DD9E0005A4CB /* Models */,
				8D9241F32DB3BF910005A4CB /* Main */,
				8D9242132DB3C1740005A4CB /* Splash */,
				8D5CC73F2DB42825006553B2 /* Utils */,
				8D9241F42DB3BF910005A4CB /* AppDelegate.swift */,
				8D5CC74C2DB44002006553B2 /* Localizable.xcstrings */,
				8D9241FB2DB3BF910005A4CB /* SceneDelegate.swift */,
				8D9241F52DB3BF910005A4CB /* Assets.xcassets */,
				8D9241F62DB3BF910005A4CB /* Info.plist */,
				8D9241F82DB3BF910005A4CB /* LaunchScreen.storyboard */,
			);
			path = "Location Based Case";
			sourceTree = "<group>";
		};
		8D9242132DB3C1740005A4CB /* Splash */ = {
			isa = PBXGroup;
			children = (
				8D92420F2DB3C1130005A4CB /* Splash.storyboard */,
				8D92420D2DB3C10B0005A4CB /* SplashViewController.swift */,
				8D9242112DB3C1240005A4CB /* SplashCoordinator.swift */,
			);
			path = Splash;
			sourceTree = "<group>";
		};
		8D9242182DB3DD9E0005A4CB /* Models */ = {
			isa = PBXGroup;
			children = (
				8D9242162DB3DD9E0005A4CB /* RouteAnnotation.swift */,
				8D3E4BC62DB50CA700F9E4A2 /* RoutePoint.xcdatamodeld */,
				8D9242172DB3DD9E0005A4CB /* RoutePoint.swift */,
			);
			path = Models;
			sourceTree = "<group>";
		};
		8DDB795C2DB2753200408B2B = {
			isa = PBXGroup;
			children = (
				8D92421B2DB3DEEC0005A4CB /* AppleHighwayDrive.gpx */,
				8D9241FD2DB3BF910005A4CB /* Location Based Case */,
				8DDB79662DB2753200408B2B /* Products */,
			);
			sourceTree = "<group>";
		};
		8DDB79662DB2753200408B2B /* Products */ = {
			isa = PBXGroup;
			children = (
				8DDB79652DB2753200408B2B /* Location Based Case.app */,
			);
			name = Products;
			sourceTree = "<group>";
		};
/* End PBXGroup section */

/* Begin PBXNativeTarget section */
		8DDB79642DB2753200408B2B /* Location Based Case */ = {
			isa = PBXNativeTarget;
			buildConfigurationList = 8DDB79782DB2753400408B2B /* Build configuration list for PBXNativeTarget "Location Based Case" */;
			buildPhases = (
				8DDB79612DB2753200408B2B /* Sources */,
				8DDB79622DB2753200408B2B /* Frameworks */,
				8DDB79632DB2753200408B2B /* Resources */,
			);
			buildRules = (
			);
			dependencies = (
			);
			name = "Location Based Case";
			packageProductDependencies = (
			);
			productName = "Location Based Case";
			productReference = 8DDB79652DB2753200408B2B /* Location Based Case.app */;
			productType = "com.apple.product-type.application";
		};
/* End PBXNativeTarget section */

/* Begin PBXProject section */
		8DDB795D2DB2753200408B2B /* Project object */ = {
			isa = PBXProject;
			attributes = {
				BuildIndependentTargetsInParallel = 1;
				LastSwiftUpdateCheck = 1620;
				LastUpgradeCheck = 1620;
				TargetAttributes = {
					8DDB79642DB2753200408B2B = {
						CreatedOnToolsVersion = 16.2;
					};
				};
			};
			buildConfigurationList = 8DDB79602DB2753200408B2B /* Build configuration list for PBXProject "Location Based Case" */;
			developmentRegion = en;
			hasScannedForEncodings = 0;
			knownRegions = (
				en,
				Base,
				tr,
			);
			mainGroup = 8DDB795C2DB2753200408B2B;
			minimizedProjectReferenceProxies = 1;
			preferredProjectObjectVersion = 77;
			productRefGroup = 8DDB79662DB2753200408B2B /* Products */;
			projectDirPath = "";
			projectRoot = "";
			targets = (
				8DDB79642DB2753200408B2B /* Location Based Case */,
			);
		};
/* End PBXProject section */

/* Begin PBXResourcesBuildPhase section */
		8DDB79632DB2753200408B2B /* Resources */ = {
			isa = PBXResourcesBuildPhase;
			buildActionMask = 2147483647;
			files = (
				8D9242012DB3BF910005A4CB /* Assets.xcassets in Resources */,
				8D5CC74D2DB44002006553B2 /* Localizable.xcstrings in Resources */,
				8D9242032DB3BF910005A4CB /* LaunchScreen.storyboard in Resources */,
				8D9242042DB3BF910005A4CB /* Main.storyboard in Resources */,
				8D9242102DB3C1130005A4CB /* Splash.storyboard in Resources */,
			);
			runOnlyForDeploymentPostprocessing = 0;
		};
/* End PBXResourcesBuildPhase section */

/* Begin PBXSourcesBuildPhase section */
		8DDB79612DB2753200408B2B /* Sources */ = {
			isa = PBXSourcesBuildPhase;
			buildActionMask = 2147483647;
			files = (
				8D5CC74F2DB440C8006553B2 /* LocalizationKeys.swift in Sources */,
				8D5CC7412DB432C6006553B2 /* LoadingManager.swift in Sources */,
				8D9242062DB3BFCC0005A4CB /* AppCoordinator.swift in Sources */,
				8D92420C2DB3C0530005A4CB /* MainCoordinator.swift in Sources */,
				8D5CC73C2DB426B8006553B2 /* AlertManager.swift in Sources */,
				8D9242192DB3DD9E0005A4CB /* RoutePoint.swift in Sources */,
				8D92421A2DB3DD9E0005A4CB /* RouteAnnotation.swift in Sources */,
				8D9241FE2DB3BF910005A4CB /* AppDelegate.swift in Sources */,
				8D9242122DB3C1240005A4CB /* SplashCoordinator.swift in Sources */,
				8D5CC73E2DB4280C006553B2 /* Extensions.swift in Sources */,
				8D92420A2DB3C0260005A4CB /* LocationManager.swift in Sources */,
				8D5CC7362DB41FCD006553B2 /* DataManager.swift in Sources */,
				8D5CC7372DB41FCD006553B2 /* StoreDataManager.swift in Sources */,
				8D9242152DB3C4270005A4CB /* MainViewModel.swift in Sources */,
				8D9242082DB3BFF70005A4CB /* AppDependencyContainer.swift in Sources */,
				8D9241FF2DB3BF910005A4CB /* SceneDelegate.swift in Sources */,
				8D9242002DB3BF910005A4CB /* MainViewController.swift in Sources */,
				8D3E4BC82DB50CA700F9E4A2 /* RoutePoint.xcdatamodeld in Sources */,
				8D3E4BCC2DB513F000F9E4A2 /* NotificationManager.swift in Sources */,
				8D3E4BCA2DB50DB700F9E4A2 /* CoreDataManager.swift in Sources */,
				8D92420E2DB3C10B0005A4CB /* SplashViewController.swift in Sources */,
			);
			runOnlyForDeploymentPostprocessing = 0;
		};
/* End PBXSourcesBuildPhase section */

/* Begin PBXVariantGroup section */
		8D9241F82DB3BF910005A4CB /* LaunchScreen.storyboard */ = {
			isa = PBXVariantGroup;
			children = (
				8D9241F72DB3BF910005A4CB /* Base */,
			);
			name = LaunchScreen.storyboard;
			sourceTree = "<group>";
		};
		8D9241FA2DB3BF910005A4CB /* Main.storyboard */ = {
			isa = PBXVariantGroup;
			children = (
				8D9241F92DB3BF910005A4CB /* Base */,
			);
			name = Main.storyboard;
			sourceTree = "<group>";
		};
/* End PBXVariantGroup section */

/* Begin XCBuildConfiguration section */
		8DDB79792DB2753400408B2B /* Debug */ = {
			isa = XCBuildConfiguration;
			buildSettings = {
				ASSETCATALOG_COMPILER_APPICON_NAME = AppIcon;
				ASSETCATALOG_COMPILER_GLOBAL_ACCENT_COLOR_NAME = AccentColor;
				CODE_SIGN_STYLE = Automatic;
				CURRENT_PROJECT_VERSION = 1;
				DEVELOPMENT_TEAM = 7JWEK8SPAT;
				GENERATE_INFOPLIST_FILE = YES;
				INFOPLIST_FILE = "Location Based Case/Info.plist";
				INFOPLIST_KEY_UIApplicationSupportsIndirectInputEvents = YES;
				INFOPLIST_KEY_UILaunchStoryboardName = LaunchScreen;
				INFOPLIST_KEY_UIMainStoryboardFile = Main;
				INFOPLIST_KEY_UISupportedInterfaceOrientations_iPad = "UIInterfaceOrientationPortrait UIInterfaceOrientationPortraitUpsideDown UIInterfaceOrientationLandscapeLeft UIInterfaceOrientationLandscapeRight";
				INFOPLIST_KEY_UISupportedInterfaceOrientations_iPhone = "UIInterfaceOrientationPortrait UIInterfaceOrientationLandscapeLeft UIInterfaceOrientationLandscapeRight";
				LD_RUNPATH_SEARCH_PATHS = (
					"$(inherited)",
					"@executable_path/Frameworks",
				);
				MARKETING_VERSION = 1.0;
				PRODUCT_BUNDLE_IDENTIFIER = "com.saidozsoy.Location-Based-Case";
				PRODUCT_NAME = "$(TARGET_NAME)";
				SWIFT_EMIT_LOC_STRINGS = YES;
				SWIFT_VERSION = 5.0;
				TARGETED_DEVICE_FAMILY = "1,2";
			};
			name = Debug;
		};
		8DDB797A2DB2753400408B2B /* Release */ = {
			isa = XCBuildConfiguration;
			buildSettings = {
				ASSETCATALOG_COMPILER_APPICON_NAME = AppIcon;
				ASSETCATALOG_COMPILER_GLOBAL_ACCENT_COLOR_NAME = AccentColor;
				CODE_SIGN_STYLE = Automatic;
				CURRENT_PROJECT_VERSION = 1;
				DEVELOPMENT_TEAM = 7JWEK8SPAT;
				GENERATE_INFOPLIST_FILE = YES;
				INFOPLIST_FILE = "Location Based Case/Info.plist";
				INFOPLIST_KEY_UIApplicationSupportsIndirectInputEvents = YES;
				INFOPLIST_KEY_UILaunchStoryboardName = LaunchScreen;
				INFOPLIST_KEY_UIMainStoryboardFile = Main;
				INFOPLIST_KEY_UISupportedInterfaceOrientations_iPad = "UIInterfaceOrientationPortrait UIInterfaceOrientationPortraitUpsideDown UIInterfaceOrientationLandscapeLeft UIInterfaceOrientationLandscapeRight";
				INFOPLIST_KEY_UISupportedInterfaceOrientations_iPhone = "UIInterfaceOrientationPortrait UIInterfaceOrientationLandscapeLeft UIInterfaceOrientationLandscapeRight";
				LD_RUNPATH_SEARCH_PATHS = (
					"$(inherited)",
					"@executable_path/Frameworks",
				);
				MARKETING_VERSION = 1.0;
				PRODUCT_BUNDLE_IDENTIFIER = "com.saidozsoy.Location-Based-Case";
				PRODUCT_NAME = "$(TARGET_NAME)";
				SWIFT_EMIT_LOC_STRINGS = YES;
				SWIFT_VERSION = 5.0;
				TARGETED_DEVICE_FAMILY = "1,2";
			};
			name = Release;
		};
		8DDB797B2DB2753400408B2B /* Debug */ = {
			isa = XCBuildConfiguration;
			buildSettings = {
				ALWAYS_SEARCH_USER_PATHS = NO;
				ASSETCATALOG_COMPILER_GENERATE_SWIFT_ASSET_SYMBOL_EXTENSIONS = YES;
				CLANG_ANALYZER_NONNULL = YES;
				CLANG_ANALYZER_NUMBER_OBJECT_CONVERSION = YES_AGGRESSIVE;
				CLANG_CXX_LANGUAGE_STANDARD = "gnu++20";
				CLANG_ENABLE_MODULES = YES;
				CLANG_ENABLE_OBJC_ARC = YES;
				CLANG_ENABLE_OBJC_WEAK = YES;
				CLANG_WARN_BLOCK_CAPTURE_AUTORELEASING = YES;
				CLANG_WARN_BOOL_CONVERSION = YES;
				CLANG_WARN_COMMA = YES;
				CLANG_WARN_CONSTANT_CONVERSION = YES;
				CLANG_WARN_DEPRECATED_OBJC_IMPLEMENTATIONS = YES;
				CLANG_WARN_DIRECT_OBJC_ISA_USAGE = YES_ERROR;
				CLANG_WARN_DOCUMENTATION_COMMENTS = YES;
				CLANG_WARN_EMPTY_BODY = YES;
				CLANG_WARN_ENUM_CONVERSION = YES;
				CLANG_WARN_INFINITE_RECURSION = YES;
				CLANG_WARN_INT_CONVERSION = YES;
				CLANG_WARN_NON_LITERAL_NULL_CONVERSION = YES;
				CLANG_WARN_OBJC_IMPLICIT_RETAIN_SELF = YES;
				CLANG_WARN_OBJC_LITERAL_CONVERSION = YES;
				CLANG_WARN_OBJC_ROOT_CLASS = YES_ERROR;
				CLANG_WARN_QUOTED_INCLUDE_IN_FRAMEWORK_HEADER = YES;
				CLANG_WARN_RANGE_LOOP_ANALYSIS = YES;
				CLANG_WARN_STRICT_PROTOTYPES = YES;
				CLANG_WARN_SUSPICIOUS_MOVE = YES;
				CLANG_WARN_UNGUARDED_AVAILABILITY = YES_AGGRESSIVE;
				CLANG_WARN_UNREACHABLE_CODE = YES;
				CLANG_WARN__DUPLICATE_METHOD_MATCH = YES;
				COPY_PHASE_STRIP = NO;
				DEBUG_INFORMATION_FORMAT = dwarf;
				ENABLE_STRICT_OBJC_MSGSEND = YES;
				ENABLE_TESTABILITY = YES;
				ENABLE_USER_SCRIPT_SANDBOXING = YES;
				GCC_C_LANGUAGE_STANDARD = gnu17;
				GCC_DYNAMIC_NO_PIC = NO;
				GCC_NO_COMMON_BLOCKS = YES;
				GCC_OPTIMIZATION_LEVEL = 0;
				GCC_PREPROCESSOR_DEFINITIONS = (
					"DEBUG=1",
					"$(inherited)",
				);
				GCC_WARN_64_TO_32_BIT_CONVERSION = YES;
				GCC_WARN_ABOUT_RETURN_TYPE = YES_ERROR;
				GCC_WARN_UNDECLARED_SELECTOR = YES;
				GCC_WARN_UNINITIALIZED_AUTOS = YES_AGGRESSIVE;
				GCC_WARN_UNUSED_FUNCTION = YES;
				GCC_WARN_UNUSED_VARIABLE = YES;
				IPHONEOS_DEPLOYMENT_TARGET = 18.2;
				LOCALIZATION_PREFERS_STRING_CATALOGS = YES;
				MTL_ENABLE_DEBUG_INFO = INCLUDE_SOURCE;
				MTL_FAST_MATH = YES;
				ONLY_ACTIVE_ARCH = YES;
				SDKROOT = iphoneos;
				SWIFT_ACTIVE_COMPILATION_CONDITIONS = "DEBUG $(inherited)";
				SWIFT_EMIT_LOC_STRINGS = YES;
				SWIFT_OPTIMIZATION_LEVEL = "-Onone";
			};
			name = Debug;
		};
		8DDB797C2DB2753400408B2B /* Release */ = {
			isa = XCBuildConfiguration;
			buildSettings = {
				ALWAYS_SEARCH_USER_PATHS = NO;
				ASSETCATALOG_COMPILER_GENERATE_SWIFT_ASSET_SYMBOL_EXTENSIONS = YES;
				CLANG_ANALYZER_NONNULL = YES;
				CLANG_ANALYZER_NUMBER_OBJECT_CONVERSION = YES_AGGRESSIVE;
				CLANG_CXX_LANGUAGE_STANDARD = "gnu++20";
				CLANG_ENABLE_MODULES = YES;
				CLANG_ENABLE_OBJC_ARC = YES;
				CLANG_ENABLE_OBJC_WEAK = YES;
				CLANG_WARN_BLOCK_CAPTURE_AUTORELEASING = YES;
				CLANG_WARN_BOOL_CONVERSION = YES;
				CLANG_WARN_COMMA = YES;
				CLANG_WARN_CONSTANT_CONVERSION = YES;
				CLANG_WARN_DEPRECATED_OBJC_IMPLEMENTATIONS = YES;
				CLANG_WARN_DIRECT_OBJC_ISA_USAGE = YES_ERROR;
				CLANG_WARN_DOCUMENTATION_COMMENTS = YES;
				CLANG_WARN_EMPTY_BODY = YES;
				CLANG_WARN_ENUM_CONVERSION = YES;
				CLANG_WARN_INFINITE_RECURSION = YES;
				CLANG_WARN_INT_CONVERSION = YES;
				CLANG_WARN_NON_LITERAL_NULL_CONVERSION = YES;
				CLANG_WARN_OBJC_IMPLICIT_RETAIN_SELF = YES;
				CLANG_WARN_OBJC_LITERAL_CONVERSION = YES;
				CLANG_WARN_OBJC_ROOT_CLASS = YES_ERROR;
				CLANG_WARN_QUOTED_INCLUDE_IN_FRAMEWORK_HEADER = YES;
				CLANG_WARN_RANGE_LOOP_ANALYSIS = YES;
				CLANG_WARN_STRICT_PROTOTYPES = YES;
				CLANG_WARN_SUSPICIOUS_MOVE = YES;
				CLANG_WARN_UNGUARDED_AVAILABILITY = YES_AGGRESSIVE;
				CLANG_WARN_UNREACHABLE_CODE = YES;
				CLANG_WARN__DUPLICATE_METHOD_MATCH = YES;
				COPY_PHASE_STRIP = NO;
				DEBUG_INFORMATION_FORMAT = "dwarf-with-dsym";
				ENABLE_NS_ASSERTIONS = NO;
				ENABLE_STRICT_OBJC_MSGSEND = YES;
				ENABLE_USER_SCRIPT_SANDBOXING = YES;
				GCC_C_LANGUAGE_STANDARD = gnu17;
				GCC_NO_COMMON_BLOCKS = YES;
				GCC_WARN_64_TO_32_BIT_CONVERSION = YES;
				GCC_WARN_ABOUT_RETURN_TYPE = YES_ERROR;
				GCC_WARN_UNDECLARED_SELECTOR = YES;
				GCC_WARN_UNINITIALIZED_AUTOS = YES_AGGRESSIVE;
				GCC_WARN_UNUSED_FUNCTION = YES;
				GCC_WARN_UNUSED_VARIABLE = YES;
				IPHONEOS_DEPLOYMENT_TARGET = 18.2;
				LOCALIZATION_PREFERS_STRING_CATALOGS = YES;
				MTL_ENABLE_DEBUG_INFO = NO;
				MTL_FAST_MATH = YES;
				SDKROOT = iphoneos;
				SWIFT_COMPILATION_MODE = wholemodule;
				SWIFT_EMIT_LOC_STRINGS = YES;
				VALIDATE_PRODUCT = YES;
			};
			name = Release;
		};
/* End XCBuildConfiguration section */

/* Begin XCConfigurationList section */
		8DDB79602DB2753200408B2B /* Build configuration list for PBXProject "Location Based Case" */ = {
			isa = XCConfigurationList;
			buildConfigurations = (
				8DDB797B2DB2753400408B2B /* Debug */,
				8DDB797C2DB2753400408B2B /* Release */,
			);
			defaultConfigurationIsVisible = 0;
			defaultConfigurationName = Release;
		};
		8DDB79782DB2753400408B2B /* Build configuration list for PBXNativeTarget "Location Based Case" */ = {
			isa = XCConfigurationList;
			buildConfigurations = (
				8DDB79792DB2753400408B2B /* Debug */,
				8DDB797A2DB2753400408B2B /* Release */,
			);
			defaultConfigurationIsVisible = 0;
			defaultConfigurationName = Release;
		};
/* End XCConfigurationList section */

/* Begin XCVersionGroup section */
		8D3E4BC62DB50CA700F9E4A2 /* RoutePoint.xcdatamodeld */ = {
			isa = XCVersionGroup;
			children = (
				8D3E4BC72DB50CA700F9E4A2 /* RoutePoint.xcdatamodel */,
			);
			currentVersion = 8D3E4BC72DB50CA700F9E4A2 /* RoutePoint.xcdatamodel */;
			path = RoutePoint.xcdatamodeld;
			sourceTree = "<group>";
			versionGroupType = wrapper.xcdatamodel;
		};
/* End XCVersionGroup section */
	};
	rootObject = 8DDB795D2DB2753200408B2B /* Project object */;
}
